
Microsoft Visual Studio Solution File, Format Version 12.00
# Visual Studio Version 17
VisualStudioVersion = 17.5.002.0
MinimumVisualStudioVersion = 10.0.40219.1
Project("{9A19103F-16F7-4668-BE54-9A1E7A4F7556}") = "WebApi", "AlertApi\WebApi.csproj", "{967FDC31-CD0F-4BF7-B101-93D32444EC3A}"
EndProject
Project("{9A19103F-16F7-4668-BE54-9A1E7A4F7556}") = "ConsoleApp", "ConsoleApp\ConsoleApp.csproj", "{FEAFA9D2-8BA5-47D1-9A60-49AAB5A5B7F5}"
EndProject
Project("{9A19103F-16F7-4668-BE54-9A1E7A4F7556}") = "Common", "Common\Common.csproj", "{CFE198EF-BAF5-43C5-9683-668D2BD19579}"
EndProject
Project("{9A19103F-16F7-4668-BE54-9A1E7A4F7556}") = "SubApi", "SubscriptionApi\SubApi.csproj", "{D8134DD8-92BB-4551-8FE7-19D49899FAF8}"
EndProject
Global
	GlobalSection(SolutionConfigurationPlatforms) = preSolution
		Debug|Any CPU = Debug|Any CPU
		Release|Any CPU = Release|Any CPU
	EndGlobalSection
	GlobalSection(ProjectConfigurationPlatforms) = postSolution
		{967FDC31-CD0F-4BF7-B101-93D32444EC3A}.Debug|Any CPU.ActiveCfg = Debug|Any CPU
		{967FDC31-CD0F-4BF7-B101-93D32444EC3A}.Debug|Any CPU.Build.0 = Debug|Any CPU
		{967FDC31-CD0F-4BF7-B101-93D32444EC3A}.Release|Any CPU.ActiveCfg = Release|Any CPU
		{967FDC31-CD0F-4BF7-B101-93D32444EC3A}.Release|Any CPU.Build.0 = Release|Any CPU
		{FEAFA9D2-8BA5-47D1-9A60-49AAB5A5B7F5}.Debug|Any CPU.ActiveCfg = Debug|Any CPU
		{FEAFA9D2-8BA5-47D1-9A60-49AAB5A5B7F5}.Debug|Any CPU.Build.0 = Debug|Any CPU
		{FEAFA9D2-8BA5-47D1-9A60-49AAB5A5B7F5}.Release|Any CPU.ActiveCfg = Release|Any CPU
		{FEAFA9D2-8BA5-47D1-9A60-49AAB5A5B7F5}.Release|Any CPU.Build.0 = Release|Any CPU
		{CFE198EF-BAF5-43C5-9683-668D2BD19579}.Debug|Any CPU.ActiveCfg = Debug|Any CPU
		{CFE198EF-BAF5-43C5-9683-668D2BD19579}.Debug|Any CPU.Build.0 = Debug|Any CPU
		{CFE198EF-BAF5-43C5-9683-668D2BD19579}.Release|Any CPU.ActiveCfg = Release|Any CPU
		{CFE198EF-BAF5-43C5-9683-668D2BD19579}.Release|Any CPU.Build.0 = Release|Any CPU
		{D8134DD8-92BB-4551-8FE7-19D49899FAF8}.Debug|Any CPU.ActiveCfg = Debug|Any CPU
		{D8134DD8-92BB-4551-8FE7-19D49899FAF8}.Debug|Any CPU.Build.0 = Debug|Any CPU
		{D8134DD8-92BB-4551-8FE7-19D49899FAF8}.Release|Any CPU.ActiveCfg = Release|Any CPU
		{D8134DD8-92BB-4551-8FE7-19D49899FAF8}.Release|Any CPU.Build.0 = Release|Any CPU
	EndGlobalSection
	GlobalSection(SolutionProperties) = preSolution
		HideSolutionNode = FALSE
	EndGlobalSection
	GlobalSection(ExtensibilityGlobals) = postSolution
		SolutionGuid = {EE5BC4BB-87C2-4943-AD2E-FDB1AFD483E3}
	EndGlobalSection
EndGlobal
